Microsoft Visual Studio Solution File, Format Version 12.00
# Visual Studio Version 17
VisualStudioVersion = 17.5.2.0
MinimumVisualStudioVersion = 10.0.40219.1
Project("{FAE04EC0-301F-11D3-BF4B-00C04F79EFBC}") = "InchesToCentimetersInteractive", "InchesToCentimetersInteractive.csproj", "{915A40E1-B387-A2AD-71A4-F5906AA05C50}"
EndProject
Global
	GlobalSection(SolutionConfigurationPlatforms) = preSolution
		Debug|Any CPU = Debug|Any CPU
		Release|Any CPU = Release|Any CPU
	EndGlobalSection
	GlobalSection(ProjectConfigurationPlatforms) = postSolution
		{915A40E1-B387-A2AD-71A4-F5906AA05C50}.Debug|Any CPU.ActiveCfg = Debug|Any CPU
		{915A40E1-B387-A2AD-71A4-F5906AA05C50}.Debug|Any CPU.Build.0 = Debug|Any CPU
		{915A40E1-B387-A2AD-71A4-F5906AA05C50}.Release|Any CPU.ActiveCfg = Release|Any CPU
		{915A40E1-B387-A2AD-71A4-F5906AA05C50}.Release|Any CPU.Build.0 = Release|Any CPU
	EndGlobalSection
	GlobalSection(SolutionProperties) = preSolution
		HideSolutionNode = FALSE
	EndGlobalSection
	GlobalSection(ExtensibilityGlobals) = postSolution
		SolutionGuid = {CBAEE6BB-E1A2-4AFA-855E-3D0C17664F93}
	EndGlobalSection
EndGlobal
