Microsoft Visual Studio Solution File, Format Version 12.00
# Visual Studio Version 17
VisualStudioVersion = 17.5.2.0
MinimumVisualStudioVersion = 10.0.40219.1
Project("{FAE04EC0-301F-11D3-BF4B-00C04F79EFBC}") = "Prog2b", "Prog2b.csproj", "{4E5287E0-E7A4-5A98-7C9C-1BB7BB5D10AA}"
EndProject
Global
	GlobalSection(SolutionConfigurationPlatforms) = preSolution
		Debug|Any CPU = Debug|Any CPU
		Release|Any CPU = Release|Any CPU
	EndGlobalSection
	GlobalSection(ProjectConfigurationPlatforms) = postSolution
		{4E5287E0-E7A4-5A98-7C9C-1BB7BB5D10AA}.Debug|Any CPU.ActiveCfg = Debug|Any CPU
		{4E5287E0-E7A4-5A98-7C9C-1BB7BB5D10AA}.Debug|Any CPU.Build.0 = Debug|Any CPU
		{4E5287E0-E7A4-5A98-7C9C-1BB7BB5D10AA}.Release|Any CPU.ActiveCfg = Release|Any CPU
		{4E5287E0-E7A4-5A98-7C9C-1BB7BB5D10AA}.Release|Any CPU.Build.0 = Release|Any CPU
	EndGlobalSection
	GlobalSection(SolutionProperties) = preSolution
		HideSolutionNode = FALSE
	EndGlobalSection
	GlobalSection(ExtensibilityGlobals) = postSolution
		SolutionGuid = {1A84D7CD-2463-40EE-8323-A97B0436CDFF}
	EndGlobalSection
EndGlobal
