Microsoft Visual Studio Solution File, Format Version 12.00
# Visual Studio Version 17
VisualStudioVersion = 17.5.2.0
MinimumVisualStudioVersion = 10.0.40219.1
Project("{FAE04EC0-301F-11D3-BF4B-00C04F79EFBC}") = "Lab6question4", "Lab6question4.csproj", "{541DAB62-F07F-AE95-BBD2-A523B62F4EED}"
EndProject
Global
	GlobalSection(SolutionConfigurationPlatforms) = preSolution
		Debug|Any CPU = Debug|Any CPU
		Release|Any CPU = Release|Any CPU
	EndGlobalSection
	GlobalSection(ProjectConfigurationPlatforms) = postSolution
		{541DAB62-F07F-AE95-BBD2-A523B62F4EED}.Debug|Any CPU.ActiveCfg = Debug|Any CPU
		{541DAB62-F07F-AE95-BBD2-A523B62F4EED}.Debug|Any CPU.Build.0 = Debug|Any CPU
		{541DAB62-F07F-AE95-BBD2-A523B62F4EED}.Release|Any CPU.ActiveCfg = Release|Any CPU
		{541DAB62-F07F-AE95-BBD2-A523B62F4EED}.Release|Any CPU.Build.0 = Release|Any CPU
	EndGlobalSection
	GlobalSection(SolutionProperties) = preSolution
		HideSolutionNode = FALSE
	EndGlobalSection
	GlobalSection(ExtensibilityGlobals) = postSolution
		SolutionGuid = {02469B84-D364-40CA-A876-F5CD22CD4E7E}
	EndGlobalSection
EndGlobal
