Microsoft Visual Studio Solution File, Format Version 12.00
# Visual Studio Version 17
VisualStudioVersion = 17.5.2.0
MinimumVisualStudioVersion = 10.0.40219.1
Project("{FAE04EC0-301F-11D3-BF4B-00C04F79EFBC}") = "DailyTemps", "DailyTemps.csproj", "{3C041958-A9D6-6C15-F2C3-805BAD734159}"
EndProject
Global
	GlobalSection(SolutionConfigurationPlatforms) = preSolution
		Debug|Any CPU = Debug|Any CPU
		Release|Any CPU = Release|Any CPU
	EndGlobalSection
	GlobalSection(ProjectConfigurationPlatforms) = postSolution
		{3C041958-A9D6-6C15-F2C3-805BAD734159}.Debug|Any CPU.ActiveCfg = Debug|Any CPU
		{3C041958-A9D6-6C15-F2C3-805BAD734159}.Debug|Any CPU.Build.0 = Debug|Any CPU
		{3C041958-A9D6-6C15-F2C3-805BAD734159}.Release|Any CPU.ActiveCfg = Release|Any CPU
		{3C041958-A9D6-6C15-F2C3-805BAD734159}.Release|Any CPU.Build.0 = Release|Any CPU
	EndGlobalSection
	GlobalSection(SolutionProperties) = preSolution
		HideSolutionNode = FALSE
	EndGlobalSection
	GlobalSection(ExtensibilityGlobals) = postSolution
		SolutionGuid = {D2997CAA-2B0A-4B19-96DD-71176D8EE5B0}
	EndGlobalSection
EndGlobal
